// !$*UTF8*$!
{
	archiveVersion = 1;
	classes = {
	};
	objectVersion = 60;
	objects = {

/* Begin PBXBuildFile section */
		E4099C5D2D11136800FFF1B0 /* LapView.swift in Sources */ = {isa = PBXBuildFile; fileRef = E4099C5C2D11136600FFF1B0 /* LapView.swift */; };
		E41835A52CF1C0FB007215E3 /* AboutView.swift in Sources */ = {isa = PBXBuildFile; fileRef = E41835A42CF1C0FB007215E3 /* AboutView.swift */; };
		E41835A72CF1C1AA007215E3 /* SafariView.swift in Sources */ = {isa = PBXBuildFile; fileRef = E41835A62CF1C1AA007215E3 /* SafariView.swift */; };
		E4399F162CEA26A0004FC4C1 /* NetworkSpeedWindowApp.swift in Sources */ = {isa = PBXBuildFile; fileRef = E4399F152CEA26A0004FC4C1 /* NetworkSpeedWindowApp.swift */; };
		E4399F182CEA26A0004FC4C1 /* ContentView.swift in Sources */ = {isa = PBXBuildFile; fileRef = E4399F172CEA26A0004FC4C1 /* ContentView.swift */; };
		E4399F1A2CEA26A2004FC4C1 /* Assets.xcassets in Resources */ = {isa = PBXBuildFile; fileRef = E4399F192CEA26A2004FC4C1 /* Assets.xcassets */; };
		E4399F1E2CEA26A2004FC4C1 /* Preview Assets.xcassets in Resources */ = {isa = PBXBuildFile; fileRef = E4399F1D2CEA26A2004FC4C1 /* Preview Assets.xcassets */; };
		E4399F252CEA282A004FC4C1 /* NetworkSpeedMonitor.swift in Sources */ = {isa = PBXBuildFile; fileRef = E4399F242CEA282A004FC4C1 /* NetworkSpeedMonitor.swift */; };
		E4399F2B2CEAF3A9004FC4C1 /* MonitorView.swift in Sources */ = {isa = PBXBuildFile; fileRef = E4399F2A2CEAF3A9004FC4C1 /* MonitorView.swift */; };
		E4399F362CEB3652004FC4C1 /* Localizable.strings in Resources */ = {isa = PBXBuildFile; fileRef = E4399F342CEB3652004FC4C1 /* Localizable.strings */; };
		E45E97A12D0F0C7F00B98D19 /* WidgetKit.framework in Frameworks */ = {isa = PBXBuildFile; fileRef = E45E97A02D0F0C7F00B98D19 /* WidgetKit.framework */; };
		E45E97A32D0F0C7F00B98D19 /* SwiftUI.framework in Frameworks */ = {isa = PBXBuildFile; fileRef = E45E97A22D0F0C7F00B98D19 /* SwiftUI.framework */; };
		E45E97B02D0F0C8000B98D19 /* NetworkSpeedWindowWidgetExtension.appex in Embed Foundation Extensions */ = {isa = PBXBuildFile; fileRef = E45E979F2D0F0C7F00B98D19 /* NetworkSpeedWindowWidgetExtension.appex */; settings = {ATTRIBUTES = (RemoveHeadersOnCopy, ); }; };
		E45E97BC2D0F0CCC00B98D19 /* Assets.xcassets in Resources */ = {isa = PBXBuildFile; fileRef = E45E97B62D0F0CCC00B98D19 /* Assets.xcassets */; };
		E45E97BF2D0F0CCC00B98D19 /* NetworkSpeedWindowWidgetBundle.swift in Sources */ = {isa = PBXBuildFile; fileRef = E45E97B92D0F0CCC00B98D19 /* NetworkSpeedWindowWidgetBundle.swift */; };
		E45E97C02D0F0CCC00B98D19 /* OpenNetworkSpeedWindowControlWidget.swift in Sources */ = {isa = PBXBuildFile; fileRef = E45E97BA2D0F0CCC00B98D19 /* OpenNetworkSpeedWindowControlWidget.swift */; };
		E45E97C32D0F136100B98D19 /* Localizable.strings in Resources */ = {isa = PBXBuildFile; fileRef = E45E97C12D0F136100B98D19 /* Localizable.strings */; };
		E45E97C92D0F308800B98D19 /* OpenNetworkSpeedWindowControlWidget.swift in Sources */ = {isa = PBXBuildFile; fileRef = E45E97BA2D0F0CCC00B98D19 /* OpenNetworkSpeedWindowControlWidget.swift */; };
		E45E97CB2D0FC32C00B98D19 /* Number.swift in Sources */ = {isa = PBXBuildFile; fileRef = E45E97CA2D0FC32A00B98D19 /* Number.swift */; };
		E45E97D12D0FD2F500B98D19 /* Date.swift in Sources */ = {isa = PBXBuildFile; fileRef = E45E97D02D0FD2F400B98D19 /* Date.swift */; };
		E480AD3E2CEB3BCE00FD21E4 /* swiftui-pipify in Resources */ = {isa = PBXBuildFile; fileRef = E480AD3D2CEB3BCE00FD21E4 /* swiftui-pipify */; };
		E480AD432CEB3C1300FD21E4 /* InfoPlist.strings in Resources */ = {isa = PBXBuildFile; fileRef = E480AD412CEB3C1300FD21E4 /* InfoPlist.strings */; };
		E499EA382D11571E006D458A /* beep.mp3 in Resources */ = {isa = PBXBuildFile; fileRef = E499EA372D11571E006D458A /* beep.mp3 */; };
		E499EA3B2D115784006D458A /* Pipify in Frameworks */ = {isa = PBXBuildFile; productRef = E499EA3A2D115784006D458A /* Pipify */; };
		E499EA3D2D115B22006D458A /* Models.swift in Sources */ = {isa = PBXBuildFile; fileRef = E499EA3C2D115B1C006D458A /* Models.swift */; };
/* End PBXBuildFile section */

/* Begin PBXContainerItemProxy section */
		E45E97AE2D0F0C8000B98D19 /* PBXContainerItemProxy */ = {
			isa = PBXContainerItemProxy;
			containerPortal = E4399F0A2CEA26A0004FC4C1 /* Project object */;
			proxyType = 1;
			remoteGlobalIDString = E45E979E2D0F0C7F00B98D19;
			remoteInfo = NetworkSpeedWindowWidgetExtension;
		};
/* End PBXContainerItemProxy section */

/* Begin PBXCopyFilesBuildPhase section */
		E45E97B12D0F0C8000B98D19 /* Embed Foundation Extensions */ = {
			isa = PBXCopyFilesBuildPhase;
			buildActionMask = 2147483647;
			dstPath = "";
			dstSubfolderSpec = 13;
			files = (
				E45E97B02D0F0C8000B98D19 /* NetworkSpeedWindowWidgetExtension.appex in Embed Foundation Extensions */,
			);
			name = "Embed Foundation Extensions";
			runOnlyForDeploymentPostprocessing = 0;
		};
/* End PBXCopyFilesBuildPhase section */

/* Begin PBXFileReference section */
		E4099C5C2D11136600FFF1B0 /* LapView.swift */ = {isa = PBXFileReference; lastKnownFileType = sourcecode.swift; path = LapView.swift; sourceTree = "<group>"; };
		E41835A42CF1C0FB007215E3 /* AboutView.swift */ = {isa = PBXFileReference; lastKnownFileType = sourcecode.swift; path = AboutView.swift; sourceTree = "<group>"; };
		E41835A62CF1C1AA007215E3 /* SafariView.swift */ = {isa = PBXFileReference; lastKnownFileType = sourcecode.swift; path = SafariView.swift; sourceTree = "<group>"; };
		E4399F122CEA26A0004FC4C1 /* NetworkSpeedWindow.app */ = {isa = PBXFileReference; explicitFileType = wrapper.application; includeInIndex = 0; path = NetworkSpeedWindow.app; sourceTree = BUILT_PRODUCTS_DIR; };
		E4399F152CEA26A0004FC4C1 /* NetworkSpeedWindowApp.swift */ = {isa = PBXFileReference; lastKnownFileType = sourcecode.swift; path = NetworkSpeedWindowApp.swift; sourceTree = "<group>"; };
		E4399F172CEA26A0004FC4C1 /* ContentView.swift */ = {isa = PBXFileReference; lastKnownFileType = sourcecode.swift; path = ContentView.swift; sourceTree = "<group>"; };
		E4399F192CEA26A2004FC4C1 /* Assets.xcassets */ = {isa = PBXFileReference; lastKnownFileType = folder.assetcatalog; path = Assets.xcassets; sourceTree = "<group>"; };
		E4399F1D2CEA26A2004FC4C1 /* Preview Assets.xcassets */ = {isa = PBXFileReference; lastKnownFileType = folder.assetcatalog; path = "Preview Assets.xcassets"; sourceTree = "<group>"; };
		E4399F242CEA282A004FC4C1 /* NetworkSpeedMonitor.swift */ = {isa = PBXFileReference; lastKnownFileType = sourcecode.swift; path = NetworkSpeedMonitor.swift; sourceTree = "<group>"; };
		E4399F262CEA439B004FC4C1 /* Info.plist */ = {isa = PBXFileReference; lastKnownFileType = text.plist; path = Info.plist; sourceTree = "<group>"; };
		E4399F2A2CEAF3A9004FC4C1 /* MonitorView.swift */ = {isa = PBXFileReference; lastKnownFileType = sourcecode.swift; path = MonitorView.swift; sourceTree = "<group>"; };
		E4399F352CEB3652004FC4C1 /* en */ = {isa = PBXFileReference; lastKnownFileType = text.plist.strings; name = en; path = en.lproj/Localizable.strings; sourceTree = "<group>"; };
		E4399F372CEB371D004FC4C1 /* zh-Hans */ = {isa = PBXFileReference; lastKnownFileType = text.plist.strings; name = "zh-Hans"; path = "zh-Hans.lproj/Localizable.strings"; sourceTree = "<group>"; };
		E45E979F2D0F0C7F00B98D19 /* NetworkSpeedWindowWidgetExtension.appex */ = {isa = PBXFileReference; explicitFileType = "wrapper.app-extension"; includeInIndex = 0; path = NetworkSpeedWindowWidgetExtension.appex; sourceTree = BUILT_PRODUCTS_DIR; };
		E45E97A02D0F0C7F00B98D19 /* WidgetKit.framework */ = {isa = PBXFileReference; lastKnownFileType = wrapper.framework; name = WidgetKit.framework; path = System/Library/Frameworks/WidgetKit.framework; sourceTree = SDKROOT; };
		E45E97A22D0F0C7F00B98D19 /* SwiftUI.framework */ = {isa = PBXFileReference; lastKnownFileType = wrapper.framework; name = SwiftUI.framework; path = System/Library/Frameworks/SwiftUI.framework; sourceTree = SDKROOT; };
		E45E97B62D0F0CCC00B98D19 /* Assets.xcassets */ = {isa = PBXFileReference; lastKnownFileType = folder.assetcatalog; path = Assets.xcassets; sourceTree = "<group>"; };
		E45E97B72D0F0CCC00B98D19 /* Info.plist */ = {isa = PBXFileReference; lastKnownFileType = text.plist.xml; path = Info.plist; sourceTree = "<group>"; };
		E45E97B92D0F0CCC00B98D19 /* NetworkSpeedWindowWidgetBundle.swift */ = {isa = PBXFileReference; lastKnownFileType = sourcecode.swift; path = NetworkSpeedWindowWidgetBundle.swift; sourceTree = "<group>"; };
		E45E97BA2D0F0CCC00B98D19 /* OpenNetworkSpeedWindowControlWidget.swift */ = {isa = PBXFileReference; lastKnownFileType = sourcecode.swift; path = OpenNetworkSpeedWindowControlWidget.swift; sourceTree = "<group>"; };
		E45E97C22D0F136100B98D19 /* en */ = {isa = PBXFileReference; lastKnownFileType = text.plist.strings; name = en; path = en.lproj/Localizable.strings; sourceTree = "<group>"; };
		E45E97C42D0F217600B98D19 /* zh-Hans */ = {isa = PBXFileReference; lastKnownFileType = text.plist.strings; name = "zh-Hans"; path = "zh-Hans.lproj/Localizable.strings"; sourceTree = "<group>"; };
		E45E97CA2D0FC32A00B98D19 /* Number.swift */ = {isa = PBXFileReference; lastKnownFileType = sourcecode.swift; path = Number.swift; sourceTree = "<group>"; };
		E45E97D02D0FD2F400B98D19 /* Date.swift */ = {isa = PBXFileReference; lastKnownFileType = sourcecode.swift; path = Date.swift; sourceTree = "<group>"; };
		E480AD3D2CEB3BCE00FD21E4 /* swiftui-pipify */ = {isa = PBXFileReference; lastKnownFileType = wrapper; path = "swiftui-pipify"; sourceTree = "<group>"; };
		E480AD422CEB3C1300FD21E4 /* en */ = {isa = PBXFileReference; lastKnownFileType = text.plist.strings; name = en; path = en.lproj/InfoPlist.strings; sourceTree = "<group>"; };
		E480AD442CEB3C1F00FD21E4 /* zh-Hans */ = {isa = PBXFileReference; lastKnownFileType = text.plist.strings; name = "zh-Hans"; path = "zh-Hans.lproj/InfoPlist.strings"; sourceTree = "<group>"; };
		E499EA372D11571E006D458A /* beep.mp3 */ = {isa = PBXFileReference; lastKnownFileType = audio.mp3; path = beep.mp3; sourceTree = "<group>"; };
		E499EA3C2D115B1C006D458A /* Models.swift */ = {isa = PBXFileReference; lastKnownFileType = sourcecode.swift; path = Models.swift; sourceTree = "<group>"; };
/* End PBXFileReference section */

/* Begin PBXFrameworksBuildPhase section */
		E4399F0F2CEA26A0004FC4C1 /* Frameworks */ = {
			isa = PBXFrameworksBuildPhase;
			buildActionMask = 2147483647;
			files = (
				E499EA3B2D115784006D458A /* Pipify in Frameworks */,
			);
			runOnlyForDeploymentPostprocessing = 0;
		};
		E45E979C2D0F0C7F00B98D19 /* Frameworks */ = {
			isa = PBXFrameworksBuildPhase;
			buildActionMask = 2147483647;
			files = (
				E45E97A32D0F0C7F00B98D19 /* SwiftUI.framework in Frameworks */,
				E45E97A12D0F0C7F00B98D19 /* WidgetKit.framework in Frameworks */,
			);
			runOnlyForDeploymentPostprocessing = 0;
		};
/* End PBXFrameworksBuildPhase section */

/* Begin PBXGroup section */
		E41835A82CF1C37F007215E3 /* Views */ = {
			isa = PBXGroup;
			children = (
				E4099C5C2D11136600FFF1B0 /* LapView.swift */,
				E4399F2A2CEAF3A9004FC4C1 /* MonitorView.swift */,
				E41835A62CF1C1AA007215E3 /* SafariView.swift */,
			);
			path = Views;
			sourceTree = "<group>";
		};
		E41835A92CF1C397007215E3 /* Utils */ = {
			isa = PBXGroup;
			children = (
				E45E97D02D0FD2F400B98D19 /* Date.swift */,
				E4399F242CEA282A004FC4C1 /* NetworkSpeedMonitor.swift */,
				E45E97CA2D0FC32A00B98D19 /* Number.swift */,
			);
			path = Utils;
			sourceTree = "<group>";
		};
		E4399F092CEA26A0004FC4C1 = {
			isa = PBXGroup;
			children = (
				E4399F142CEA26A0004FC4C1 /* NetworkSpeedWindow */,
				E45E97BB2D0F0CCC00B98D19 /* NetworkSpeedWindowWidget */,
				E480AD3D2CEB3BCE00FD21E4 /* swiftui-pipify */,
				E4399F132CEA26A0004FC4C1 /* Products */,
				E4399F312CEB31F2004FC4C1 /* Frameworks */,
			);
			sourceTree = "<group>";
		};
		E4399F132CEA26A0004FC4C1 /* Products */ = {
			isa = PBXGroup;
			children = (
				E4399F122CEA26A0004FC4C1 /* NetworkSpeedWindow.app */,
				E45E979F2D0F0C7F00B98D19 /* NetworkSpeedWindowWidgetExtension.appex */,
			);
			name = Products;
			sourceTree = "<group>";
		};
		E4399F142CEA26A0004FC4C1 /* NetworkSpeedWindow */ = {
			isa = PBXGroup;
			children = (
				E499EA3C2D115B1C006D458A /* Models.swift */,
				E41835A92CF1C397007215E3 /* Utils */,
				E41835A82CF1C37F007215E3 /* Views */,
				E4399F152CEA26A0004FC4C1 /* NetworkSpeedWindowApp.swift */,
				E4399F172CEA26A0004FC4C1 /* ContentView.swift */,
				E41835A42CF1C0FB007215E3 /* AboutView.swift */,
				E4399F192CEA26A2004FC4C1 /* Assets.xcassets */,
				E499EA372D11571E006D458A /* beep.mp3 */,
				E4399F262CEA439B004FC4C1 /* Info.plist */,
				E4399F1C2CEA26A2004FC4C1 /* Preview Content */,
				E4399F342CEB3652004FC4C1 /* Localizable.strings */,
				E480AD412CEB3C1300FD21E4 /* InfoPlist.strings */,
			);
			path = NetworkSpeedWindow;
			sourceTree = "<group>";
		};
		E4399F1C2CEA26A2004FC4C1 /* Preview Content */ = {
			isa = PBXGroup;
			children = (
				E4399F1D2CEA26A2004FC4C1 /* Preview Assets.xcassets */,
			);
			path = "Preview Content";
			sourceTree = "<group>";
		};
		E4399F312CEB31F2004FC4C1 /* Frameworks */ = {
			isa = PBXGroup;
			children = (
				E45E97A02D0F0C7F00B98D19 /* WidgetKit.framework */,
				E45E97A22D0F0C7F00B98D19 /* SwiftUI.framework */,
			);
			name = Frameworks;
			sourceTree = "<group>";
		};
		E45E97BB2D0F0CCC00B98D19 /* NetworkSpeedWindowWidget */ = {
			isa = PBXGroup;
			children = (
				E45E97B92D0F0CCC00B98D19 /* NetworkSpeedWindowWidgetBundle.swift */,
				E45E97BA2D0F0CCC00B98D19 /* OpenNetworkSpeedWindowControlWidget.swift */,
				E45E97B62D0F0CCC00B98D19 /* Assets.xcassets */,
				E45E97B72D0F0CCC00B98D19 /* Info.plist */,
				E45E97C12D0F136100B98D19 /* Localizable.strings */,
			);
			path = NetworkSpeedWindowWidget;
			sourceTree = "<group>";
		};
/* End PBXGroup section */

/* Begin PBXNativeTarget section */
		E4399F112CEA26A0004FC4C1 /* NetworkSpeedWindow */ = {
			isa = PBXNativeTarget;
			buildConfigurationList = E4399F212CEA26A2004FC4C1 /* Build configuration list for PBXNativeTarget "NetworkSpeedWindow" */;
			buildPhases = (
				E4399F0E2CEA26A0004FC4C1 /* Sources */,
				E4399F0F2CEA26A0004FC4C1 /* Frameworks */,
				E4399F102CEA26A0004FC4C1 /* Resources */,
				E45E97B12D0F0C8000B98D19 /* Embed Foundation Extensions */,
			);
			buildRules = (
			);
			dependencies = (
				E45E97AF2D0F0C8000B98D19 /* PBXTargetDependency */,
			);
			name = NetworkSpeedWindow;
			packageProductDependencies = (
				E499EA3A2D115784006D458A /* Pipify */,
			);
			productName = NetworkSpeedWindow;
			productReference = E4399F122CEA26A0004FC4C1 /* NetworkSpeedWindow.app */;
			productType = "com.apple.product-type.application";
		};
		E45E979E2D0F0C7F00B98D19 /* NetworkSpeedWindowWidgetExtension */ = {
			isa = PBXNativeTarget;
			buildConfigurationList = E45E97B52D0F0C8000B98D19 /* Build configuration list for PBXNativeTarget "NetworkSpeedWindowWidgetExtension" */;
			buildPhases = (
				E45E979B2D0F0C7F00B98D19 /* Sources */,
				E45E979C2D0F0C7F00B98D19 /* Frameworks */,
				E45E979D2D0F0C7F00B98D19 /* Resources */,
			);
			buildRules = (
			);
			dependencies = (
			);
			name = NetworkSpeedWindowWidgetExtension;
			packageProductDependencies = (
			);
			productName = NetworkSpeedWindowWidgetExtension;
			productReference = E45E979F2D0F0C7F00B98D19 /* NetworkSpeedWindowWidgetExtension.appex */;
			productType = "com.apple.product-type.app-extension";
		};
/* End PBXNativeTarget section */

/* Begin PBXProject section */
		E4399F0A2CEA26A0004FC4C1 /* Project object */ = {
			isa = PBXProject;
			attributes = {
				BuildIndependentTargetsInParallel = 1;
				LastSwiftUpdateCheck = 1620;
				LastUpgradeCheck = 1620;
				TargetAttributes = {
					E4399F112CEA26A0004FC4C1 = {
						CreatedOnToolsVersion = 15.4;
					};
					E45E979E2D0F0C7F00B98D19 = {
						CreatedOnToolsVersion = 16.2;
					};
				};
			};
			buildConfigurationList = E4399F0D2CEA26A0004FC4C1 /* Build configuration list for PBXProject "NetworkSpeedWindow" */;
			compatibilityVersion = "Xcode 14.0";
			developmentRegion = en;
			hasScannedForEncodings = 0;
			knownRegions = (
				en,
				Base,
				"zh-Hans",
			);
			mainGroup = E4399F092CEA26A0004FC4C1;
			packageReferences = (
				E499EA392D115784006D458A /* XCLocalSwiftPackageReference "swiftui-pipify" */,
			);
			productRefGroup = E4399F132CEA26A0004FC4C1 /* Products */;
			projectDirPath = "";
			projectRoot = "";
			targets = (
				E4399F112CEA26A0004FC4C1 /* NetworkSpeedWindow */,
				E45E979E2D0F0C7F00B98D19 /* NetworkSpeedWindowWidgetExtension */,
			);
		};
/* End PBXProject section */

/* Begin PBXResourcesBuildPhase section */
		E4399F102CEA26A0004FC4C1 /* Resources */ = {
			isa = PBXResourcesBuildPhase;
			buildActionMask = 2147483647;
			files = (
				E4399F1E2CEA26A2004FC4C1 /* Preview Assets.xcassets in Resources */,
				E4399F362CEB3652004FC4C1 /* Localizable.strings in Resources */,
				E499EA382D11571E006D458A /* beep.mp3 in Resources */,
				E4399F1A2CEA26A2004FC4C1 /* Assets.xcassets in Resources */,
				E480AD3E2CEB3BCE00FD21E4 /* swiftui-pipify in Resources */,
				E480AD432CEB3C1300FD21E4 /* InfoPlist.strings in Resources */,
			);
			runOnlyForDeploymentPostprocessing = 0;
		};
		E45E979D2D0F0C7F00B98D19 /* Resources */ = {
			isa = PBXResourcesBuildPhase;
			buildActionMask = 2147483647;
			files = (
				E45E97BC2D0F0CCC00B98D19 /* Assets.xcassets in Resources */,
				E45E97C32D0F136100B98D19 /* Localizable.strings in Resources */,
			);
			runOnlyForDeploymentPostprocessing = 0;
		};
/* End PBXResourcesBuildPhase section */

/* Begin PBXSourcesBuildPhase section */
		E4399F0E2CEA26A0004FC4C1 /* Sources */ = {
			isa = PBXSourcesBuildPhase;
			buildActionMask = 2147483647;
			files = (
				E4099C5D2D11136800FFF1B0 /* LapView.swift in Sources */,
				E499EA3D2D115B22006D458A /* Models.swift in Sources */,
				E4399F252CEA282A004FC4C1 /* NetworkSpeedMonitor.swift in Sources */,
				E45E97D12D0FD2F500B98D19 /* Date.swift in Sources */,
				E4399F182CEA26A0004FC4C1 /* ContentView.swift in Sources */,
				E45E97CB2D0FC32C00B98D19 /* Number.swift in Sources */,
				E4399F162CEA26A0004FC4C1 /* NetworkSpeedWindowApp.swift in Sources */,
				E4399F2B2CEAF3A9004FC4C1 /* MonitorView.swift in Sources */,
				E41835A72CF1C1AA007215E3 /* SafariView.swift in Sources */,
				E45E97C92D0F308800B98D19 /* OpenNetworkSpeedWindowControlWidget.swift in Sources */,
				E41835A52CF1C0FB007215E3 /* AboutView.swift in Sources */,
			);
			runOnlyForDeploymentPostprocessing = 0;
		};
		E45E979B2D0F0C7F00B98D19 /* Sources */ = {
			isa = PBXSourcesBuildPhase;
			buildActionMask = 2147483647;
			files = (
				E45E97BF2D0F0CCC00B98D19 /* NetworkSpeedWindowWidgetBundle.swift in Sources */,
				E45E97C02D0F0CCC00B98D19 /* OpenNetworkSpeedWindowControlWidget.swift in Sources */,
			);
			runOnlyForDeploymentPostprocessing = 0;
		};
/* End PBXSourcesBuildPhase section */

/* Begin PBXTargetDependency section */
		E45E97AF2D0F0C8000B98D19 /* PBXTargetDependency */ = {
			isa = PBXTargetDependency;
			target = E45E979E2D0F0C7F00B98D19 /* NetworkSpeedWindowWidgetExtension */;
			targetProxy = E45E97AE2D0F0C8000B98D19 /* PBXContainerItemProxy */;
		};
/* End PBXTargetDependency section */

/* Begin PBXVariantGroup section */
		E4399F342CEB3652004FC4C1 /* Localizable.strings */ = {
			isa = PBXVariantGroup;
			children = (
				E4399F352CEB3652004FC4C1 /* en */,
				E4399F372CEB371D004FC4C1 /* zh-Hans */,
			);
			name = Localizable.strings;
			sourceTree = "<group>";
		};
		E45E97C12D0F136100B98D19 /* Localizable.strings */ = {
			isa = PBXVariantGroup;
			children = (
				E45E97C22D0F136100B98D19 /* en */,
				E45E97C42D0F217600B98D19 /* zh-Hans */,
			);
			name = Localizable.strings;
			sourceTree = "<group>";
		};
		E480AD412CEB3C1300FD21E4 /* InfoPlist.strings */ = {
			isa = PBXVariantGroup;
			children = (
				E480AD422CEB3C1300FD21E4 /* en */,
				E480AD442CEB3C1F00FD21E4 /* zh-Hans */,
			);
			name = InfoPlist.strings;
			sourceTree = "<group>";
		};
/* End PBXVariantGroup section */

/* Begin XCBuildConfiguration section */
		E4399F1F2CEA26A2004FC4C1 /* Debug */ = {
			isa = XCBuildConfiguration;
			buildSettings = {
				ALWAYS_SEARCH_USER_PATHS = NO;
				ASSETCATALOG_COMPILER_GENERATE_SWIFT_ASSET_SYMBOL_EXTENSIONS = YES;
				CLANG_ANALYZER_LOCALIZABILITY_NONLOCALIZED = YES;
				CLANG_ANALYZER_NONNULL = YES;
				CLANG_ANALYZER_NUMBER_OBJECT_CONVERSION = YES_AGGRESSIVE;
				CLANG_CXX_LANGUAGE_STANDARD = "gnu++20";
				CLANG_ENABLE_MODULES = YES;
				CLANG_ENABLE_OBJC_ARC = YES;
				CLANG_ENABLE_OBJC_WEAK = YES;
				CLANG_WARN_BLOCK_CAPTURE_AUTORELEASING = YES;
				CLANG_WARN_BOOL_CONVERSION = YES;
				CLANG_WARN_COMMA = YES;
				CLANG_WARN_CONSTANT_CONVERSION = YES;
				CLANG_WARN_DEPRECATED_OBJC_IMPLEMENTATIONS = YES;
				CLANG_WARN_DIRECT_OBJC_ISA_USAGE = YES_ERROR;
				CLANG_WARN_DOCUMENTATION_COMMENTS = YES;
				CLANG_WARN_EMPTY_BODY = YES;
				CLANG_WARN_ENUM_CONVERSION = YES;
				CLANG_WARN_INFINITE_RECURSION = YES;
				CLANG_WARN_INT_CONVERSION = YES;
				CLANG_WARN_NON_LITERAL_NULL_CONVERSION = YES;
				CLANG_WARN_OBJC_IMPLICIT_RETAIN_SELF = YES;
				CLANG_WARN_OBJC_LITERAL_CONVERSION = YES;
				CLANG_WARN_OBJC_ROOT_CLASS = YES_ERROR;
				CLANG_WARN_QUOTED_INCLUDE_IN_FRAMEWORK_HEADER = YES;
				CLANG_WARN_RANGE_LOOP_ANALYSIS = YES;
				CLANG_WARN_STRICT_PROTOTYPES = YES;
				CLANG_WARN_SUSPICIOUS_MOVE = YES;
				CLANG_WARN_UNGUARDED_AVAILABILITY = YES_AGGRESSIVE;
				CLANG_WARN_UNREACHABLE_CODE = YES;
				CLANG_WARN__DUPLICATE_METHOD_MATCH = YES;
				COPY_PHASE_STRIP = NO;
				DEAD_CODE_STRIPPING = YES;
				DEBUG_INFORMATION_FORMAT = dwarf;
				ENABLE_STRICT_OBJC_MSGSEND = YES;
				ENABLE_TESTABILITY = YES;
				ENABLE_USER_SCRIPT_SANDBOXING = YES;
				GCC_C_LANGUAGE_STANDARD = gnu17;
				GCC_DYNAMIC_NO_PIC = NO;
				GCC_NO_COMMON_BLOCKS = YES;
				GCC_OPTIMIZATION_LEVEL = 0;
				GCC_PREPROCESSOR_DEFINITIONS = (
					"DEBUG=1",
					"$(inherited)",
				);
				GCC_WARN_64_TO_32_BIT_CONVERSION = YES;
				GCC_WARN_ABOUT_RETURN_TYPE = YES_ERROR;
				GCC_WARN_UNDECLARED_SELECTOR = YES;
				GCC_WARN_UNINITIALIZED_AUTOS = YES_AGGRESSIVE;
				GCC_WARN_UNUSED_FUNCTION = YES;
				GCC_WARN_UNUSED_VARIABLE = YES;
				LOCALIZATION_PREFERS_STRING_CATALOGS = YES;
				MTL_ENABLE_DEBUG_INFO = INCLUDE_SOURCE;
				MTL_FAST_MATH = YES;
				ONLY_ACTIVE_ARCH = YES;
				SWIFT_ACTIVE_COMPILATION_CONDITIONS = "DEBUG $(inherited)";
				SWIFT_OPTIMIZATION_LEVEL = "-Onone";
			};
			name = Debug;
		};
		E4399F202CEA26A2004FC4C1 /* Release */ = {
			isa = XCBuildConfiguration;
			buildSettings = {
				ALWAYS_SEARCH_USER_PATHS = NO;
				ASSETCATALOG_COMPILER_GENERATE_SWIFT_ASSET_SYMBOL_EXTENSIONS = YES;
				CLANG_ANALYZER_LOCALIZABILITY_NONLOCALIZED = YES;
				CLANG_ANALYZER_NONNULL = YES;
				CLANG_ANALYZER_NUMBER_OBJECT_CONVERSION = YES_AGGRESSIVE;
				CLANG_CXX_LANGUAGE_STANDARD = "gnu++20";
				CLANG_ENABLE_MODULES = YES;
				CLANG_ENABLE_OBJC_ARC = YES;
				CLANG_ENABLE_OBJC_WEAK = YES;
				CLANG_WARN_BLOCK_CAPTURE_AUTORELEASING = YES;
				CLANG_WARN_BOOL_CONVERSION = YES;
				CLANG_WARN_COMMA = YES;
				CLANG_WARN_CONSTANT_CONVERSION = YES;
				CLANG_WARN_DEPRECATED_OBJC_IMPLEMENTATIONS = YES;
				CLANG_WARN_DIRECT_OBJC_ISA_USAGE = YES_ERROR;
				CLANG_WARN_DOCUMENTATION_COMMENTS = YES;
				CLANG_WARN_EMPTY_BODY = YES;
				CLANG_WARN_ENUM_CONVERSION = YES;
				CLANG_WARN_INFINITE_RECURSION = YES;
				CLANG_WARN_INT_CONVERSION = YES;
				CLANG_WARN_NON_LITERAL_NULL_CONVERSION = YES;
				CLANG_WARN_OBJC_IMPLICIT_RETAIN_SELF = YES;
				CLANG_WARN_OBJC_LITERAL_CONVERSION = YES;
				CLANG_WARN_OBJC_ROOT_CLASS = YES_ERROR;
				CLANG_WARN_QUOTED_INCLUDE_IN_FRAMEWORK_HEADER = YES;
				CLANG_WARN_RANGE_LOOP_ANALYSIS = YES;
				CLANG_WARN_STRICT_PROTOTYPES = YES;
				CLANG_WARN_SUSPICIOUS_MOVE = YES;
				CLANG_WARN_UNGUARDED_AVAILABILITY = YES_AGGRESSIVE;
				CLANG_WARN_UNREACHABLE_CODE = YES;
				CLANG_WARN__DUPLICATE_METHOD_MATCH = YES;
				COPY_PHASE_STRIP = NO;
				DEAD_CODE_STRIPPING = YES;
				DEBUG_INFORMATION_FORMAT = "dwarf-with-dsym";
				ENABLE_NS_ASSERTIONS = NO;
				ENABLE_STRICT_OBJC_MSGSEND = YES;
				ENABLE_USER_SCRIPT_SANDBOXING = YES;
				GCC_C_LANGUAGE_STANDARD = gnu17;
				GCC_NO_COMMON_BLOCKS = YES;
				GCC_WARN_64_TO_32_BIT_CONVERSION = YES;
				GCC_WARN_ABOUT_RETURN_TYPE = YES_ERROR;
				GCC_WARN_UNDECLARED_SELECTOR = YES;
				GCC_WARN_UNINITIALIZED_AUTOS = YES_AGGRESSIVE;
				GCC_WARN_UNUSED_FUNCTION = YES;
				GCC_WARN_UNUSED_VARIABLE = YES;
				LOCALIZATION_PREFERS_STRING_CATALOGS = YES;
				MTL_ENABLE_DEBUG_INFO = NO;
				MTL_FAST_MATH = YES;
				SWIFT_COMPILATION_MODE = wholemodule;
			};
			name = Release;
		};
		E4399F222CEA26A2004FC4C1 /* Debug */ = {
			isa = XCBuildConfiguration;
			buildSettings = {
				ASSETCATALOG_COMPILER_APPICON_NAME = AppIcon;
				ASSETCATALOG_COMPILER_GLOBAL_ACCENT_COLOR_NAME = AccentColor;
				CODE_SIGN_STYLE = Automatic;
				CURRENT_PROJECT_VERSION = 6;
				DEAD_CODE_STRIPPING = YES;
				DEVELOPMENT_ASSET_PATHS = "\"NetworkSpeedWindow/Preview Content\"";
				DEVELOPMENT_TEAM = PSXQUH2HR6;
				ENABLE_HARDENED_RUNTIME = YES;
				ENABLE_PREVIEWS = YES;
				GENERATE_INFOPLIST_FILE = YES;
				INFOPLIST_FILE = NetworkSpeedWindow/Info.plist;
				INFOPLIST_KEY_LSApplicationCategoryType = "public.app-category.utilities";
				"INFOPLIST_KEY_UIApplicationSceneManifest_Generation[sdk=iphoneos*]" = YES;
				"INFOPLIST_KEY_UIApplicationSceneManifest_Generation[sdk=iphonesimulator*]" = YES;
				"INFOPLIST_KEY_UIApplicationSupportsIndirectInputEvents[sdk=iphoneos*]" = YES;
				"INFOPLIST_KEY_UIApplicationSupportsIndirectInputEvents[sdk=iphonesimulator*]" = YES;
				"INFOPLIST_KEY_UILaunchScreen_Generation[sdk=iphoneos*]" = YES;
				"INFOPLIST_KEY_UILaunchScreen_Generation[sdk=iphonesimulator*]" = YES;
				"INFOPLIST_KEY_UIStatusBarStyle[sdk=iphoneos*]" = UIStatusBarStyleDefault;
				"INFOPLIST_KEY_UIStatusBarStyle[sdk=iphonesimulator*]" = UIStatusBarStyleDefault;
				INFOPLIST_KEY_UISupportedInterfaceOrientations = UIInterfaceOrientationPortrait;
				INFOPLIST_KEY_UISupportedInterfaceOrientations_iPad = "UIInterfaceOrientationLandscapeLeft UIInterfaceOrientationLandscapeRight UIInterfaceOrientationPortrait UIInterfaceOrientationPortraitUpsideDown";
				IPHONEOS_DEPLOYMENT_TARGET = 16.0;
				LD_RUNPATH_SEARCH_PATHS = "@executable_path/Frameworks";
				"LD_RUNPATH_SEARCH_PATHS[sdk=macosx*]" = "@executable_path/../Frameworks";
				MACOSX_DEPLOYMENT_TARGET = 14.5;
				MARKETING_VERSION = 1.0.0;
				PRODUCT_BUNDLE_IDENTIFIER = name.sketch.NetworkSpeedWindow;
				PRODUCT_NAME = "$(TARGET_NAME)";
				SDKROOT = auto;
				SUPPORTED_PLATFORMS = "iphoneos iphonesimulator";
				SUPPORTS_MACCATALYST = NO;
				SWIFT_EMIT_LOC_STRINGS = YES;
				SWIFT_VERSION = 5.0;
				TARGETED_DEVICE_FAMILY = "1,2";
			};
			name = Debug;
		};
		E4399F232CEA26A2004FC4C1 /* Release */ = {
			isa = XCBuildConfiguration;
			buildSettings = {
				ASSETCATALOG_COMPILER_APPICON_NAME = AppIcon;
				ASSETCATALOG_COMPILER_GLOBAL_ACCENT_COLOR_NAME = AccentColor;
				CODE_SIGN_STYLE = Automatic;
				CURRENT_PROJECT_VERSION = 6;
				DEAD_CODE_STRIPPING = YES;
				DEVELOPMENT_ASSET_PATHS = "\"NetworkSpeedWindow/Preview Content\"";
				DEVELOPMENT_TEAM = PSXQUH2HR6;
				ENABLE_HARDENED_RUNTIME = YES;
				ENABLE_PREVIEWS = YES;
				GENERATE_INFOPLIST_FILE = YES;
				INFOPLIST_FILE = NetworkSpeedWindow/Info.plist;
				INFOPLIST_KEY_LSApplicationCategoryType = "public.app-category.utilities";
				"INFOPLIST_KEY_UIApplicationSceneManifest_Generation[sdk=iphoneos*]" = YES;
				"INFOPLIST_KEY_UIApplicationSceneManifest_Generation[sdk=iphonesimulator*]" = YES;
				"INFOPLIST_KEY_UIApplicationSupportsIndirectInputEvents[sdk=iphoneos*]" = YES;
				"INFOPLIST_KEY_UIApplicationSupportsIndirectInputEvents[sdk=iphonesimulator*]" = YES;
				"INFOPLIST_KEY_UILaunchScreen_Generation[sdk=iphoneos*]" = YES;
				"INFOPLIST_KEY_UILaunchScreen_Generation[sdk=iphonesimulator*]" = YES;
				"INFOPLIST_KEY_UIStatusBarStyle[sdk=iphoneos*]" = UIStatusBarStyleDefault;
				"INFOPLIST_KEY_UIStatusBarStyle[sdk=iphonesimulator*]" = UIStatusBarStyleDefault;
				INFOPLIST_KEY_UISupportedInterfaceOrientations = UIInterfaceOrientationPortrait;
				INFOPLIST_KEY_UISupportedInterfaceOrientations_iPad = "UIInterfaceOrientationLandscapeLeft UIInterfaceOrientationLandscapeRight UIInterfaceOrientationPortrait UIInterfaceOrientationPortraitUpsideDown";
				IPHONEOS_DEPLOYMENT_TARGET = 16.0;
				LD_RUNPATH_SEARCH_PATHS = "@executable_path/Frameworks";
				"LD_RUNPATH_SEARCH_PATHS[sdk=macosx*]" = "@executable_path/../Frameworks";
				MACOSX_DEPLOYMENT_TARGET = 14.5;
				MARKETING_VERSION = 1.0.0;
				PRODUCT_BUNDLE_IDENTIFIER = name.sketch.NetworkSpeedWindow;
				PRODUCT_NAME = "$(TARGET_NAME)";
				SDKROOT = auto;
				SUPPORTED_PLATFORMS = "iphoneos iphonesimulator";
				SUPPORTS_MACCATALYST = NO;
				SWIFT_EMIT_LOC_STRINGS = YES;
				SWIFT_VERSION = 5.0;
				TARGETED_DEVICE_FAMILY = "1,2";
			};
			name = Release;
		};
		E45E97B22D0F0C8000B98D19 /* Debug */ = {
			isa = XCBuildConfiguration;
			buildSettings = {
				ASSETCATALOG_COMPILER_GLOBAL_ACCENT_COLOR_NAME = AccentColor;
				ASSETCATALOG_COMPILER_WIDGET_BACKGROUND_COLOR_NAME = WidgetBackground;
				CODE_SIGN_STYLE = Automatic;
				CURRENT_PROJECT_VERSION = 6;
				DEVELOPMENT_TEAM = PSXQUH2HR6;
				GENERATE_INFOPLIST_FILE = YES;
				INFOPLIST_FILE = NetworkSpeedWindowWidget/Info.plist;
				INFOPLIST_KEY_CFBundleDisplayName = NetworkSpeedWindowWidget;
				INFOPLIST_KEY_NSHumanReadableCopyright = "";
				IPHONEOS_DEPLOYMENT_TARGET = 16.0;
				LD_RUNPATH_SEARCH_PATHS = (
					"$(inherited)",
					"@executable_path/Frameworks",
					"@executable_path/../../Frameworks",
				);
				MARKETING_VERSION = 1.0.0;
				PRODUCT_BUNDLE_IDENTIFIER = name.sketch.NetworkSpeedWindow.NetworkSpeedWindowWidget;
				PRODUCT_NAME = "$(TARGET_NAME)";
				SDKROOT = iphoneos;
				SKIP_INSTALL = YES;
				SWIFT_EMIT_LOC_STRINGS = YES;
				SWIFT_VERSION = 5.0;
				TARGETED_DEVICE_FAMILY = "1,2";
			};
			name = Debug;
		};
		E45E97B32D0F0C8000B98D19 /* Release */ = {
			isa = XCBuildConfiguration;
			buildSettings = {
				ASSETCATALOG_COMPILER_GLOBAL_ACCENT_COLOR_NAME = AccentColor;
				ASSETCATALOG_COMPILER_WIDGET_BACKGROUND_COLOR_NAME = WidgetBackground;
				CODE_SIGN_STYLE = Automatic;
				CURRENT_PROJECT_VERSION = 6;
				DEVELOPMENT_TEAM = PSXQUH2HR6;
				GENERATE_INFOPLIST_FILE = YES;
				INFOPLIST_FILE = NetworkSpeedWindowWidget/Info.plist;
				INFOPLIST_KEY_CFBundleDisplayName = NetworkSpeedWindowWidget;
				INFOPLIST_KEY_NSHumanReadableCopyright = "";
				IPHONEOS_DEPLOYMENT_TARGET = 16.0;
				LD_RUNPATH_SEARCH_PATHS = (
					"$(inherited)",
					"@executable_path/Frameworks",
					"@executable_path/../../Frameworks",
				);
				MARKETING_VERSION = 1.0.0;
				PRODUCT_BUNDLE_IDENTIFIER = name.sketch.NetworkSpeedWindow.NetworkSpeedWindowWidget;
				PRODUCT_NAME = "$(TARGET_NAME)";
				SDKROOT = iphoneos;
				SKIP_INSTALL = YES;
				SWIFT_EMIT_LOC_STRINGS = YES;
				SWIFT_VERSION = 5.0;
				TARGETED_DEVICE_FAMILY = "1,2";
				VALIDATE_PRODUCT = YES;
			};
			name = Release;
		};
/* End XCBuildConfiguration section */

/* Begin XCConfigurationList section */
		E4399F0D2CEA26A0004FC4C1 /* Build configuration list for PBXProject "NetworkSpeedWindow" */ = {
			isa = XCConfigurationList;
			buildConfigurations = (
				E4399F1F2CEA26A2004FC4C1 /* Debug */,
				E4399F202CEA26A2004FC4C1 /* Release */,
			);
			defaultConfigurationIsVisible = 0;
			defaultConfigurationName = Release;
		};
		E4399F212CEA26A2004FC4C1 /* Build configuration list for PBXNativeTarget "NetworkSpeedWindow" */ = {
			isa = XCConfigurationList;
			buildConfigurations = (
				E4399F222CEA26A2004FC4C1 /* Debug */,
				E4399F232CEA26A2004FC4C1 /* Release */,
			);
			defaultConfigurationIsVisible = 0;
			defaultConfigurationName = Release;
		};
		E45E97B52D0F0C8000B98D19 /* Build configuration list for PBXNativeTarget "NetworkSpeedWindowWidgetExtension" */ = {
			isa = XCConfigurationList;
			buildConfigurations = (
				E45E97B22D0F0C8000B98D19 /* Debug */,
				E45E97B32D0F0C8000B98D19 /* Release */,
			);
			defaultConfigurationIsVisible = 0;
			defaultConfigurationName = Release;
		};
/* End XCConfigurationList section */

/* Begin XCLocalSwiftPackageReference section */
		E499EA392D115784006D458A /* XCLocalSwiftPackageReference "swiftui-pipify" */ = {
			isa = XCLocalSwiftPackageReference;
			relativePath = "swiftui-pipify";
		};
/* End XCLocalSwiftPackageReference section */

/* Begin XCSwiftPackageProductDependency section */
		E499EA3A2D115784006D458A /* Pipify */ = {
			isa = XCSwiftPackageProductDependency;
			productName = Pipify;
		};
/* End XCSwiftPackageProductDependency section */
	};
	rootObject = E4399F0A2CEA26A0004FC4C1 /* Project object */;
}
