// !$*UTF8*$!
{
	archiveVersion = 1;
	classes = {
	};
	objectVersion = 56;
	objects = {

/* Begin PBXBuildFile section */
		E4399F162CEA26A0004FC4C1 /* SpeedFloatApp.swift in Sources */ = {isa = PBXBuildFile; fileRef = E4399F152CEA26A0004FC4C1 /* SpeedFloatApp.swift */; };
		E4399F182CEA26A0004FC4C1 /* ContentView.swift in Sources */ = {isa = PBXBuildFile; fileRef = E4399F172CEA26A0004FC4C1 /* ContentView.swift */; };
		E4399F1A2CEA26A2004FC4C1 /* Assets.xcassets in Resources */ = {isa = PBXBuildFile; fileRef = E4399F192CEA26A2004FC4C1 /* Assets.xcassets */; };
		E4399F1E2CEA26A2004FC4C1 /* Preview Assets.xcassets in Resources */ = {isa = PBXBuildFile; fileRef = E4399F1D2CEA26A2004FC4C1 /* Preview Assets.xcassets */; };
		E4399F252CEA282A004FC4C1 /* NetworkSpeedMonitor.swift in Sources */ = {isa = PBXBuildFile; fileRef = E4399F242CEA282A004FC4C1 /* NetworkSpeedMonitor.swift */; };
		E4399F2B2CEAF3A9004FC4C1 /* MonitorView.swift in Sources */ = {isa = PBXBuildFile; fileRef = E4399F2A2CEAF3A9004FC4C1 /* MonitorView.swift */; };
		E4399F302CEB31D0004FC4C1 /* swiftui-pipify in Resources */ = {isa = PBXBuildFile; fileRef = E4399F2F2CEB31D0004FC4C1 /* swiftui-pipify */; };
		E4399F332CEB31F2004FC4C1 /* Pipify in Frameworks */ = {isa = PBXBuildFile; productRef = E4399F322CEB31F2004FC4C1 /* Pipify */; };
		E4399F362CEB3652004FC4C1 /* Localizable.strings in Resources */ = {isa = PBXBuildFile; fileRef = E4399F342CEB3652004FC4C1 /* Localizable.strings */; };
/* End PBXBuildFile section */

/* Begin PBXFileReference section */
		E4399F122CEA26A0004FC4C1 /* SpeedFloat.app */ = {isa = PBXFileReference; explicitFileType = wrapper.application; includeInIndex = 0; path = SpeedFloat.app; sourceTree = BUILT_PRODUCTS_DIR; };
		E4399F152CEA26A0004FC4C1 /* SpeedFloatApp.swift */ = {isa = PBXFileReference; lastKnownFileType = sourcecode.swift; path = SpeedFloatApp.swift; sourceTree = "<group>"; };
		E4399F172CEA26A0004FC4C1 /* ContentView.swift */ = {isa = PBXFileReference; lastKnownFileType = sourcecode.swift; path = ContentView.swift; sourceTree = "<group>"; };
		E4399F192CEA26A2004FC4C1 /* Assets.xcassets */ = {isa = PBXFileReference; lastKnownFileType = folder.assetcatalog; path = Assets.xcassets; sourceTree = "<group>"; };
		E4399F1B2CEA26A2004FC4C1 /* SpeedFloat.entitlements */ = {isa = PBXFileReference; lastKnownFileType = text.plist.entitlements; path = SpeedFloat.entitlements; sourceTree = "<group>"; };
		E4399F1D2CEA26A2004FC4C1 /* Preview Assets.xcassets */ = {isa = PBXFileReference; lastKnownFileType = folder.assetcatalog; path = "Preview Assets.xcassets"; sourceTree = "<group>"; };
		E4399F242CEA282A004FC4C1 /* NetworkSpeedMonitor.swift */ = {isa = PBXFileReference; lastKnownFileType = sourcecode.swift; path = NetworkSpeedMonitor.swift; sourceTree = "<group>"; };
		E4399F262CEA439B004FC4C1 /* Info.plist */ = {isa = PBXFileReference; lastKnownFileType = text.plist; path = Info.plist; sourceTree = "<group>"; };
		E4399F2A2CEAF3A9004FC4C1 /* MonitorView.swift */ = {isa = PBXFileReference; lastKnownFileType = sourcecode.swift; path = MonitorView.swift; sourceTree = "<group>"; };
		E4399F2F2CEB31D0004FC4C1 /* swiftui-pipify */ = {isa = PBXFileReference; lastKnownFileType = wrapper; path = "swiftui-pipify"; sourceTree = "<group>"; };
		E4399F352CEB3652004FC4C1 /* en */ = {isa = PBXFileReference; lastKnownFileType = text.plist.strings; name = en; path = en.lproj/Localizable.strings; sourceTree = "<group>"; };
		E4399F372CEB371D004FC4C1 /* zh-Hans */ = {isa = PBXFileReference; lastKnownFileType = text.plist.strings; name = "zh-Hans"; path = "zh-Hans.lproj/Localizable.strings"; sourceTree = "<group>"; };
/* End PBXFileReference section */

/* Begin PBXFrameworksBuildPhase section */
		E4399F0F2CEA26A0004FC4C1 /* Frameworks */ = {
			isa = PBXFrameworksBuildPhase;
			buildActionMask = 2147483647;
			files = (
				E4399F332CEB31F2004FC4C1 /* Pipify in Frameworks */,
			);
			runOnlyForDeploymentPostprocessing = 0;
		};
/* End PBXFrameworksBuildPhase section */

/* Begin PBXGroup section */
		E4399F092CEA26A0004FC4C1 = {
			isa = PBXGroup;
			children = (
				E4399F142CEA26A0004FC4C1 /* SpeedFloat */,
				E4399F2F2CEB31D0004FC4C1 /* swiftui-pipify */,
				E4399F132CEA26A0004FC4C1 /* Products */,
				E4399F312CEB31F2004FC4C1 /* Frameworks */,
			);
			sourceTree = "<group>";
		};
		E4399F132CEA26A0004FC4C1 /* Products */ = {
			isa = PBXGroup;
			children = (
				E4399F122CEA26A0004FC4C1 /* SpeedFloat.app */,
			);
			name = Products;
			sourceTree = "<group>";
		};
		E4399F142CEA26A0004FC4C1 /* SpeedFloat */ = {
			isa = PBXGroup;
			children = (
				E4399F242CEA282A004FC4C1 /* NetworkSpeedMonitor.swift */,
				E4399F152CEA26A0004FC4C1 /* SpeedFloatApp.swift */,
				E4399F172CEA26A0004FC4C1 /* ContentView.swift */,
				E4399F2A2CEAF3A9004FC4C1 /* MonitorView.swift */,
				E4399F192CEA26A2004FC4C1 /* Assets.xcassets */,
				E4399F1B2CEA26A2004FC4C1 /* SpeedFloat.entitlements */,
				E4399F262CEA439B004FC4C1 /* Info.plist */,
				E4399F1C2CEA26A2004FC4C1 /* Preview Content */,
				E4399F342CEB3652004FC4C1 /* Localizable.strings */,
			);
			path = SpeedFloat;
			sourceTree = "<group>";
		};
		E4399F1C2CEA26A2004FC4C1 /* Preview Content */ = {
			isa = PBXGroup;
			children = (
				E4399F1D2CEA26A2004FC4C1 /* Preview Assets.xcassets */,
			);
			path = "Preview Content";
			sourceTree = "<group>";
		};
		E4399F312CEB31F2004FC4C1 /* Frameworks */ = {
			isa = PBXGroup;
			children = (
			);
			name = Frameworks;
			sourceTree = "<group>";
		};
/* End PBXGroup section */

/* Begin PBXNativeTarget section */
		E4399F112CEA26A0004FC4C1 /* SpeedFloat */ = {
			isa = PBXNativeTarget;
			buildConfigurationList = E4399F212CEA26A2004FC4C1 /* Build configuration list for PBXNativeTarget "SpeedFloat" */;
			buildPhases = (
				E4399F0E2CEA26A0004FC4C1 /* Sources */,
				E4399F0F2CEA26A0004FC4C1 /* Frameworks */,
				E4399F102CEA26A0004FC4C1 /* Resources */,
			);
			buildRules = (
			);
			dependencies = (
			);
			name = SpeedFloat;
			packageProductDependencies = (
				E4399F322CEB31F2004FC4C1 /* Pipify */,
			);
			productName = SpeedFloat;
			productReference = E4399F122CEA26A0004FC4C1 /* SpeedFloat.app */;
			productType = "com.apple.product-type.application";
		};
/* End PBXNativeTarget section */

/* Begin PBXProject section */
		E4399F0A2CEA26A0004FC4C1 /* Project object */ = {
			isa = PBXProject;
			attributes = {
				BuildIndependentTargetsInParallel = 1;
				LastSwiftUpdateCheck = 1540;
				LastUpgradeCheck = 1540;
				TargetAttributes = {
					E4399F112CEA26A0004FC4C1 = {
						CreatedOnToolsVersion = 15.4;
					};
				};
			};
			buildConfigurationList = E4399F0D2CEA26A0004FC4C1 /* Build configuration list for PBXProject "SpeedFloat" */;
			compatibilityVersion = "Xcode 14.0";
			developmentRegion = en;
			hasScannedForEncodings = 0;
			knownRegions = (
				en,
				Base,
				"zh-Hans",
			);
			mainGroup = E4399F092CEA26A0004FC4C1;
			packageReferences = (
			);
			productRefGroup = E4399F132CEA26A0004FC4C1 /* Products */;
			projectDirPath = "";
			projectRoot = "";
			targets = (
				E4399F112CEA26A0004FC4C1 /* SpeedFloat */,
			);
		};
/* End PBXProject section */

/* Begin PBXResourcesBuildPhase section */
		E4399F102CEA26A0004FC4C1 /* Resources */ = {
			isa = PBXResourcesBuildPhase;
			buildActionMask = 2147483647;
			files = (
				E4399F1E2CEA26A2004FC4C1 /* Preview Assets.xcassets in Resources */,
				E4399F362CEB3652004FC4C1 /* Localizable.strings in Resources */,
				E4399F302CEB31D0004FC4C1 /* swiftui-pipify in Resources */,
				E4399F1A2CEA26A2004FC4C1 /* Assets.xcassets in Resources */,
			);
			runOnlyForDeploymentPostprocessing = 0;
		};
/* End PBXResourcesBuildPhase section */

/* Begin PBXSourcesBuildPhase section */
		E4399F0E2CEA26A0004FC4C1 /* Sources */ = {
			isa = PBXSourcesBuildPhase;
			buildActionMask = 2147483647;
			files = (
				E4399F252CEA282A004FC4C1 /* NetworkSpeedMonitor.swift in Sources */,
				E4399F182CEA26A0004FC4C1 /* ContentView.swift in Sources */,
				E4399F162CEA26A0004FC4C1 /* SpeedFloatApp.swift in Sources */,
				E4399F2B2CEAF3A9004FC4C1 /* MonitorView.swift in Sources */,
			);
			runOnlyForDeploymentPostprocessing = 0;
		};
/* End PBXSourcesBuildPhase section */

/* Begin PBXVariantGroup section */
		E4399F342CEB3652004FC4C1 /* Localizable.strings */ = {
			isa = PBXVariantGroup;
			children = (
				E4399F352CEB3652004FC4C1 /* en */,
				E4399F372CEB371D004FC4C1 /* zh-Hans */,
			);
			name = Localizable.strings;
			sourceTree = "<group>";
		};
/* End PBXVariantGroup section */

/* Begin XCBuildConfiguration section */
		E4399F1F2CEA26A2004FC4C1 /* Debug */ = {
			isa = XCBuildConfiguration;
			buildSettings = {
				ALWAYS_SEARCH_USER_PATHS = NO;
				ASSETCATALOG_COMPILER_GENERATE_SWIFT_ASSET_SYMBOL_EXTENSIONS = YES;
				CLANG_ANALYZER_LOCALIZABILITY_NONLOCALIZED = YES;
				CLANG_ANALYZER_NONNULL = YES;
				CLANG_ANALYZER_NUMBER_OBJECT_CONVERSION = YES_AGGRESSIVE;
				CLANG_CXX_LANGUAGE_STANDARD = "gnu++20";
				CLANG_ENABLE_MODULES = YES;
				CLANG_ENABLE_OBJC_ARC = YES;
				CLANG_ENABLE_OBJC_WEAK = YES;
				CLANG_WARN_BLOCK_CAPTURE_AUTORELEASING = YES;
				CLANG_WARN_BOOL_CONVERSION = YES;
				CLANG_WARN_COMMA = YES;
				CLANG_WARN_CONSTANT_CONVERSION = YES;
				CLANG_WARN_DEPRECATED_OBJC_IMPLEMENTATIONS = YES;
				CLANG_WARN_DIRECT_OBJC_ISA_USAGE = YES_ERROR;
				CLANG_WARN_DOCUMENTATION_COMMENTS = YES;
				CLANG_WARN_EMPTY_BODY = YES;
				CLANG_WARN_ENUM_CONVERSION = YES;
				CLANG_WARN_INFINITE_RECURSION = YES;
				CLANG_WARN_INT_CONVERSION = YES;
				CLANG_WARN_NON_LITERAL_NULL_CONVERSION = YES;
				CLANG_WARN_OBJC_IMPLICIT_RETAIN_SELF = YES;
				CLANG_WARN_OBJC_LITERAL_CONVERSION = YES;
				CLANG_WARN_OBJC_ROOT_CLASS = YES_ERROR;
				CLANG_WARN_QUOTED_INCLUDE_IN_FRAMEWORK_HEADER = YES;
				CLANG_WARN_RANGE_LOOP_ANALYSIS = YES;
				CLANG_WARN_STRICT_PROTOTYPES = YES;
				CLANG_WARN_SUSPICIOUS_MOVE = YES;
				CLANG_WARN_UNGUARDED_AVAILABILITY = YES_AGGRESSIVE;
				CLANG_WARN_UNREACHABLE_CODE = YES;
				CLANG_WARN__DUPLICATE_METHOD_MATCH = YES;
				COPY_PHASE_STRIP = NO;
				DEBUG_INFORMATION_FORMAT = dwarf;
				ENABLE_STRICT_OBJC_MSGSEND = YES;
				ENABLE_TESTABILITY = YES;
				ENABLE_USER_SCRIPT_SANDBOXING = YES;
				GCC_C_LANGUAGE_STANDARD = gnu17;
				GCC_DYNAMIC_NO_PIC = NO;
				GCC_NO_COMMON_BLOCKS = YES;
				GCC_OPTIMIZATION_LEVEL = 0;
				GCC_PREPROCESSOR_DEFINITIONS = (
					"DEBUG=1",
					"$(inherited)",
				);
				GCC_WARN_64_TO_32_BIT_CONVERSION = YES;
				GCC_WARN_ABOUT_RETURN_TYPE = YES_ERROR;
				GCC_WARN_UNDECLARED_SELECTOR = YES;
				GCC_WARN_UNINITIALIZED_AUTOS = YES_AGGRESSIVE;
				GCC_WARN_UNUSED_FUNCTION = YES;
				GCC_WARN_UNUSED_VARIABLE = YES;
				LOCALIZATION_PREFERS_STRING_CATALOGS = YES;
				MTL_ENABLE_DEBUG_INFO = INCLUDE_SOURCE;
				MTL_FAST_MATH = YES;
				ONLY_ACTIVE_ARCH = YES;
				SWIFT_ACTIVE_COMPILATION_CONDITIONS = "DEBUG $(inherited)";
				SWIFT_OPTIMIZATION_LEVEL = "-Onone";
			};
			name = Debug;
		};
		E4399F202CEA26A2004FC4C1 /* Release */ = {
			isa = XCBuildConfiguration;
			buildSettings = {
				ALWAYS_SEARCH_USER_PATHS = NO;
				ASSETCATALOG_COMPILER_GENERATE_SWIFT_ASSET_SYMBOL_EXTENSIONS = YES;
				CLANG_ANALYZER_LOCALIZABILITY_NONLOCALIZED = YES;
				CLANG_ANALYZER_NONNULL = YES;
				CLANG_ANALYZER_NUMBER_OBJECT_CONVERSION = YES_AGGRESSIVE;
				CLANG_CXX_LANGUAGE_STANDARD = "gnu++20";
				CLANG_ENABLE_MODULES = YES;
				CLANG_ENABLE_OBJC_ARC = YES;
				CLANG_ENABLE_OBJC_WEAK = YES;
				CLANG_WARN_BLOCK_CAPTURE_AUTORELEASING = YES;
				CLANG_WARN_BOOL_CONVERSION = YES;
				CLANG_WARN_COMMA = YES;
				CLANG_WARN_CONSTANT_CONVERSION = YES;
				CLANG_WARN_DEPRECATED_OBJC_IMPLEMENTATIONS = YES;
				CLANG_WARN_DIRECT_OBJC_ISA_USAGE = YES_ERROR;
				CLANG_WARN_DOCUMENTATION_COMMENTS = YES;
				CLANG_WARN_EMPTY_BODY = YES;
				CLANG_WARN_ENUM_CONVERSION = YES;
				CLANG_WARN_INFINITE_RECURSION = YES;
				CLANG_WARN_INT_CONVERSION = YES;
				CLANG_WARN_NON_LITERAL_NULL_CONVERSION = YES;
				CLANG_WARN_OBJC_IMPLICIT_RETAIN_SELF = YES;
				CLANG_WARN_OBJC_LITERAL_CONVERSION = YES;
				CLANG_WARN_OBJC_ROOT_CLASS = YES_ERROR;
				CLANG_WARN_QUOTED_INCLUDE_IN_FRAMEWORK_HEADER = YES;
				CLANG_WARN_RANGE_LOOP_ANALYSIS = YES;
				CLANG_WARN_STRICT_PROTOTYPES = YES;
				CLANG_WARN_SUSPICIOUS_MOVE = YES;
				CLANG_WARN_UNGUARDED_AVAILABILITY = YES_AGGRESSIVE;
				CLANG_WARN_UNREACHABLE_CODE = YES;
				CLANG_WARN__DUPLICATE_METHOD_MATCH = YES;
				COPY_PHASE_STRIP = NO;
				DEBUG_INFORMATION_FORMAT = "dwarf-with-dsym";
				ENABLE_NS_ASSERTIONS = NO;
				ENABLE_STRICT_OBJC_MSGSEND = YES;
				ENABLE_USER_SCRIPT_SANDBOXING = YES;
				GCC_C_LANGUAGE_STANDARD = gnu17;
				GCC_NO_COMMON_BLOCKS = YES;
				GCC_WARN_64_TO_32_BIT_CONVERSION = YES;
				GCC_WARN_ABOUT_RETURN_TYPE = YES_ERROR;
				GCC_WARN_UNDECLARED_SELECTOR = YES;
				GCC_WARN_UNINITIALIZED_AUTOS = YES_AGGRESSIVE;
				GCC_WARN_UNUSED_FUNCTION = YES;
				GCC_WARN_UNUSED_VARIABLE = YES;
				LOCALIZATION_PREFERS_STRING_CATALOGS = YES;
				MTL_ENABLE_DEBUG_INFO = NO;
				MTL_FAST_MATH = YES;
				SWIFT_COMPILATION_MODE = wholemodule;
			};
			name = Release;
		};
		E4399F222CEA26A2004FC4C1 /* Debug */ = {
			isa = XCBuildConfiguration;
			buildSettings = {
				ASSETCATALOG_COMPILER_APPICON_NAME = AppIcon;
				ASSETCATALOG_COMPILER_GLOBAL_ACCENT_COLOR_NAME = AccentColor;
				CODE_SIGN_ENTITLEMENTS = SpeedFloat/SpeedFloat.entitlements;
				CODE_SIGN_STYLE = Automatic;
				CURRENT_PROJECT_VERSION = 1;
				DEVELOPMENT_ASSET_PATHS = "\"SpeedFloat/Preview Content\"";
				DEVELOPMENT_TEAM = PSXQUH2HR6;
				ENABLE_HARDENED_RUNTIME = YES;
				ENABLE_PREVIEWS = YES;
				GENERATE_INFOPLIST_FILE = YES;
				INFOPLIST_FILE = SpeedFloat/Info.plist;
				INFOPLIST_KEY_LSApplicationCategoryType = "public.app-category.utilities";
				"INFOPLIST_KEY_UIApplicationSceneManifest_Generation[sdk=iphoneos*]" = YES;
				"INFOPLIST_KEY_UIApplicationSceneManifest_Generation[sdk=iphonesimulator*]" = YES;
				"INFOPLIST_KEY_UIApplicationSupportsIndirectInputEvents[sdk=iphoneos*]" = YES;
				"INFOPLIST_KEY_UIApplicationSupportsIndirectInputEvents[sdk=iphonesimulator*]" = YES;
				"INFOPLIST_KEY_UILaunchScreen_Generation[sdk=iphoneos*]" = YES;
				"INFOPLIST_KEY_UILaunchScreen_Generation[sdk=iphonesimulator*]" = YES;
				"INFOPLIST_KEY_UIStatusBarStyle[sdk=iphoneos*]" = UIStatusBarStyleDefault;
				"INFOPLIST_KEY_UIStatusBarStyle[sdk=iphonesimulator*]" = UIStatusBarStyleDefault;
				INFOPLIST_KEY_UISupportedInterfaceOrientations = UIInterfaceOrientationPortrait;
				INFOPLIST_KEY_UISupportedInterfaceOrientations_iPad = "UIInterfaceOrientationLandscapeLeft UIInterfaceOrientationLandscapeRight UIInterfaceOrientationPortrait UIInterfaceOrientationPortraitUpsideDown";
				IPHONEOS_DEPLOYMENT_TARGET = 17.0;
				LD_RUNPATH_SEARCH_PATHS = "@executable_path/Frameworks";
				"LD_RUNPATH_SEARCH_PATHS[sdk=macosx*]" = "@executable_path/../Frameworks";
				MACOSX_DEPLOYMENT_TARGET = 14.5;
				MARKETING_VERSION = 0.1.0;
				PRODUCT_BUNDLE_IDENTIFIER = name.sketch.SpeedFloat;
				PRODUCT_NAME = "$(TARGET_NAME)";
				SDKROOT = auto;
				SUPPORTED_PLATFORMS = "iphoneos iphonesimulator";
				SUPPORTS_MACCATALYST = NO;
				SWIFT_EMIT_LOC_STRINGS = YES;
				SWIFT_VERSION = 5.0;
				TARGETED_DEVICE_FAMILY = "1,2";
			};
			name = Debug;
		};
		E4399F232CEA26A2004FC4C1 /* Release */ = {
			isa = XCBuildConfiguration;
			buildSettings = {
				ASSETCATALOG_COMPILER_APPICON_NAME = AppIcon;
				ASSETCATALOG_COMPILER_GLOBAL_ACCENT_COLOR_NAME = AccentColor;
				CODE_SIGN_ENTITLEMENTS = SpeedFloat/SpeedFloat.entitlements;
				CODE_SIGN_STYLE = Automatic;
				CURRENT_PROJECT_VERSION = 1;
				DEVELOPMENT_ASSET_PATHS = "\"SpeedFloat/Preview Content\"";
				DEVELOPMENT_TEAM = PSXQUH2HR6;
				ENABLE_HARDENED_RUNTIME = YES;
				ENABLE_PREVIEWS = YES;
				GENERATE_INFOPLIST_FILE = YES;
				INFOPLIST_FILE = SpeedFloat/Info.plist;
				INFOPLIST_KEY_LSApplicationCategoryType = "public.app-category.utilities";
				"INFOPLIST_KEY_UIApplicationSceneManifest_Generation[sdk=iphoneos*]" = YES;
				"INFOPLIST_KEY_UIApplicationSceneManifest_Generation[sdk=iphonesimulator*]" = YES;
				"INFOPLIST_KEY_UIApplicationSupportsIndirectInputEvents[sdk=iphoneos*]" = YES;
				"INFOPLIST_KEY_UIApplicationSupportsIndirectInputEvents[sdk=iphonesimulator*]" = YES;
				"INFOPLIST_KEY_UILaunchScreen_Generation[sdk=iphoneos*]" = YES;
				"INFOPLIST_KEY_UILaunchScreen_Generation[sdk=iphonesimulator*]" = YES;
				"INFOPLIST_KEY_UIStatusBarStyle[sdk=iphoneos*]" = UIStatusBarStyleDefault;
				"INFOPLIST_KEY_UIStatusBarStyle[sdk=iphonesimulator*]" = UIStatusBarStyleDefault;
				INFOPLIST_KEY_UISupportedInterfaceOrientations = UIInterfaceOrientationPortrait;
				INFOPLIST_KEY_UISupportedInterfaceOrientations_iPad = "UIInterfaceOrientationLandscapeLeft UIInterfaceOrientationLandscapeRight UIInterfaceOrientationPortrait UIInterfaceOrientationPortraitUpsideDown";
				IPHONEOS_DEPLOYMENT_TARGET = 17.0;
				LD_RUNPATH_SEARCH_PATHS = "@executable_path/Frameworks";
				"LD_RUNPATH_SEARCH_PATHS[sdk=macosx*]" = "@executable_path/../Frameworks";
				MACOSX_DEPLOYMENT_TARGET = 14.5;
				MARKETING_VERSION = 0.1.0;
				PRODUCT_BUNDLE_IDENTIFIER = name.sketch.SpeedFloat;
				PRODUCT_NAME = "$(TARGET_NAME)";
				SDKROOT = auto;
				SUPPORTED_PLATFORMS = "iphoneos iphonesimulator";
				SUPPORTS_MACCATALYST = NO;
				SWIFT_EMIT_LOC_STRINGS = YES;
				SWIFT_VERSION = 5.0;
				TARGETED_DEVICE_FAMILY = "1,2";
			};
			name = Release;
		};
/* End XCBuildConfiguration section */

/* Begin XCConfigurationList section */
		E4399F0D2CEA26A0004FC4C1 /* Build configuration list for PBXProject "SpeedFloat" */ = {
			isa = XCConfigurationList;
			buildConfigurations = (
				E4399F1F2CEA26A2004FC4C1 /* Debug */,
				E4399F202CEA26A2004FC4C1 /* Release */,
			);
			defaultConfigurationIsVisible = 0;
			defaultConfigurationName = Release;
		};
		E4399F212CEA26A2004FC4C1 /* Build configuration list for PBXNativeTarget "SpeedFloat" */ = {
			isa = XCConfigurationList;
			buildConfigurations = (
				E4399F222CEA26A2004FC4C1 /* Debug */,
				E4399F232CEA26A2004FC4C1 /* Release */,
			);
			defaultConfigurationIsVisible = 0;
			defaultConfigurationName = Release;
		};
/* End XCConfigurationList section */

/* Begin XCSwiftPackageProductDependency section */
		E4399F322CEB31F2004FC4C1 /* Pipify */ = {
			isa = XCSwiftPackageProductDependency;
			productName = Pipify;
		};
/* End XCSwiftPackageProductDependency section */
	};
	rootObject = E4399F0A2CEA26A0004FC4C1 /* Project object */;
}
